
Microsoft Visual Studio Solution File, Format Version 12.00
# Visual Studio Version 17
VisualStudioVersion = 17.0.32112.339
MinimumVisualStudioVersion = 10.0.40219.1
Project("{9A19103F-16F7-4668-BE54-9A1E7A4F7556}") = "CollectionTracking", "CollectionTracking\CollectionTracking.csproj", "{70F094A1-FB89-446C-9414-505C9EE3D256}"
EndProject
Project("{FAE04EC0-301F-11D3-BF4B-00C04F79EFBC}") = "CollectionTracking.DynamicData", "CollectionTracking.DynamicData\CollectionTracking.DynamicData.csproj", "{4F90B8E3-5D30-4785-B891-2D51B065DF20}"
EndProject
Project("{FAE04EC0-301F-11D3-BF4B-00C04F79EFBC}") = "CollectionTracking.Tests", "CollectionTracking.Tests\CollectionTracking.Tests.csproj", "{415C63D6-E699-4AF1-9B3F-CDDEFA0755A6}"
EndProject
Global
	GlobalSection(SolutionConfigurationPlatforms) = preSolution
		Debug|Any CPU = Debug|Any CPU
		Release|Any CPU = Release|Any CPU
	EndGlobalSection
	GlobalSection(ProjectConfigurationPlatforms) = postSolution
		{70F094A1-FB89-446C-9414-505C9EE3D256}.Debug|Any CPU.ActiveCfg = Debug|Any CPU
		{70F094A1-FB89-446C-9414-505C9EE3D256}.Debug|Any CPU.Build.0 = Debug|Any CPU
		{70F094A1-FB89-446C-9414-505C9EE3D256}.Release|Any CPU.ActiveCfg = Release|Any CPU
		{70F094A1-FB89-446C-9414-505C9EE3D256}.Release|Any CPU.Build.0 = Release|Any CPU
		{4F90B8E3-5D30-4785-B891-2D51B065DF20}.Debug|Any CPU.ActiveCfg = Debug|Any CPU
		{4F90B8E3-5D30-4785-B891-2D51B065DF20}.Debug|Any CPU.Build.0 = Debug|Any CPU
		{4F90B8E3-5D30-4785-B891-2D51B065DF20}.Release|Any CPU.ActiveCfg = Release|Any CPU
		{4F90B8E3-5D30-4785-B891-2D51B065DF20}.Release|Any CPU.Build.0 = Release|Any CPU
		{415C63D6-E699-4AF1-9B3F-CDDEFA0755A6}.Debug|Any CPU.ActiveCfg = Debug|Any CPU
		{415C63D6-E699-4AF1-9B3F-CDDEFA0755A6}.Debug|Any CPU.Build.0 = Debug|Any CPU
		{415C63D6-E699-4AF1-9B3F-CDDEFA0755A6}.Release|Any CPU.ActiveCfg = Release|Any CPU
		{415C63D6-E699-4AF1-9B3F-CDDEFA0755A6}.Release|Any CPU.Build.0 = Release|Any CPU
	EndGlobalSection
	GlobalSection(SolutionProperties) = preSolution
		HideSolutionNode = FALSE
	EndGlobalSection
	GlobalSection(ExtensibilityGlobals) = postSolution
		SolutionGuid = {EA452071-5821-4D8B-8A60-E0CF51E365F9}
	EndGlobalSection
EndGlobal
